<Solution>
  <Folder Name="/src/">
    <Project Path="PaymentService.API/PaymentService.API.csproj" />
    <Project Path="PaymentService.Application/PaymentService.Application.csproj" />
    <Project Path="PaymentService.Domain/PaymentService.Domain.csproj" />
    <Project Path="PaymentService.Infrastructure/PaymentService.Infrastructure.csproj" />
    <Project Path="PaymentService.Webhook/PaymentService.Webhook.csproj" Id="f1c14282-4acc-413b-af0a-2183910f17b0" />
  </Folder>
</Solution>
